// !$*UTF8*$!
{
	archiveVersion = 1;
	classes = {
	};
	objectVersion = 46;
	objects = {

/* Begin PBXBuildFile section */
		A6CF4BD81C2AE6B10016C22C /* main.m in Sources */ = {isa = PBXBuildFile; fileRef = A6CF4BD71C2AE6B10016C22C /* main.m */; };
		A6CF4BDB1C2AE6B10016C22C /* AppDelegate.m in Sources */ = {isa = PBXBuildFile; fileRef = A6CF4BDA1C2AE6B10016C22C /* AppDelegate.m */; };
		A6CF4BDE1C2AE6B10016C22C /* ViewController.m in Sources */ = {isa = PBXBuildFile; fileRef = A6CF4BDD1C2AE6B10016C22C /* ViewController.m */; };
		A6CF4BE11C2AE6B10016C22C /* Main.storyboard in Resources */ = {isa = PBXBuildFile; fileRef = A6CF4BDF1C2AE6B10016C22C /* Main.storyboard */; };
		A6CF4BE31C2AE6B10016C22C /* Assets.xcassets in Resources */ = {isa = PBXBuildFile; fileRef = A6CF4BE21C2AE6B10016C22C /* Assets.xcassets */; };
		A6CF4BE61C2AE6B10016C22C /* LaunchScreen.storyboard in Resources */ = {isa = PBXBuildFile; fileRef = A6CF4BE41C2AE6B10016C22C /* LaunchScreen.storyboard */; };
		DC8F10F0B5CFAD83851EA648 /* Pods_WDProjectTemplate.framework in Frameworks */ = {isa = PBXBuildFile; fileRef = DAAE88703B1EE2986D6D7E31 /* Pods_WDProjectTemplate.framework */; };
/* End PBXBuildFile section */

/* Begin PBXFileReference section */
		22564A2FFA5FB287F42CAFD3 /* Pods-WDProjectTemplate.release.xcconfig */ = {isa = PBXFileReference; includeInIndex = 1; lastKnownFileType = text.xcconfig; name = "Pods-WDProjectTemplate.release.xcconfig"; path = "Pods/Target Support Files/Pods-WDProjectTemplate/Pods-WDProjectTemplate.release.xcconfig"; sourceTree = "<group>"; };
		A6CF4BD31C2AE6B10016C22C /* WDProjectTemplate.app */ = {isa = PBXFileReference; explicitFileType = wrapper.application; includeInIndex = 0; path = WDProjectTemplate.app; sourceTree = BUILT_PRODUCTS_DIR; };
		A6CF4BD71C2AE6B10016C22C /* main.m */ = {isa = PBXFileReference; lastKnownFileType = sourcecode.c.objc; path = main.m; sourceTree = "<group>"; };
		A6CF4BD91C2AE6B10016C22C /* AppDelegate.h */ = {isa = PBXFileReference; lastKnownFileType = sourcecode.c.h; path = AppDelegate.h; sourceTree = "<group>"; };
		A6CF4BDA1C2AE6B10016C22C /* AppDelegate.m */ = {isa = PBXFileReference; lastKnownFileType = sourcecode.c.objc; path = AppDelegate.m; sourceTree = "<group>"; };
		A6CF4BDC1C2AE6B10016C22C /* ViewController.h */ = {isa = PBXFileReference; lastKnownFileType = sourcecode.c.h; path = ViewController.h; sourceTree = "<group>"; };
		A6CF4BDD1C2AE6B10016C22C /* ViewController.m */ = {isa = PBXFileReference; lastKnownFileType = sourcecode.c.objc; path = ViewController.m; sourceTree = "<group>"; };
		A6CF4BE01C2AE6B10016C22C /* Base */ = {isa = PBXFileReference; lastKnownFileType = file.storyboard; name = Base; path = Base.lproj/Main.storyboard; sourceTree = "<group>"; };
		A6CF4BE21C2AE6B10016C22C /* Assets.xcassets */ = {isa = PBXFileReference; lastKnownFileType = folder.assetcatalog; path = Assets.xcassets; sourceTree = "<group>"; };
		A6CF4BE51C2AE6B10016C22C /* Base */ = {isa = PBXFileReference; lastKnownFileType = file.storyboard; name = Base; path = Base.lproj/LaunchScreen.storyboard; sourceTree = "<group>"; };
		A6CF4BE71C2AE6B10016C22C /* Info.plist */ = {isa = PBXFileReference; lastKnownFileType = text.plist.xml; path = Info.plist; sourceTree = "<group>"; };
		A6CF4BED1C2AEFFA0016C22C /* WDProjectTemplate.pch */ = {isa = PBXFileReference; lastKnownFileType = sourcecode.c.h; path = WDProjectTemplate.pch; sourceTree = "<group>"; };
		AAF4BBD451B361D4650F6505 /* Pods-WDProjectTemplate.debug.xcconfig */ = {isa = PBXFileReference; includeInIndex = 1; lastKnownFileType = text.xcconfig; name = "Pods-WDProjectTemplate.debug.xcconfig"; path = "Pods/Target Support Files/Pods-WDProjectTemplate/Pods-WDProjectTemplate.debug.xcconfig"; sourceTree = "<group>"; };
		DAAE88703B1EE2986D6D7E31 /* Pods_WDProjectTemplate.framework */ = {isa = PBXFileReference; explicitFileType = wrapper.framework; includeInIndex = 0; path = Pods_WDProjectTemplate.framework; sourceTree = BUILT_PRODUCTS_DIR; };
/* End PBXFileReference section */

/* Begin PBXFrameworksBuildPhase section */
		A6CF4BD01C2AE6B10016C22C /* Frameworks */ = {
			isa = PBXFrameworksBuildPhase;
			buildActionMask = 2147483647;
			files = (
				DC8F10F0B5CFAD83851EA648 /* Pods_WDProjectTemplate.framework in Frameworks */,
			);
			runOnlyForDeploymentPostprocessing = 0;
		};
/* End PBXFrameworksBuildPhase section */

/* Begin PBXGroup section */
		2A408DC5779C42B82702C028 /* Frameworks */ = {
			isa = PBXGroup;
			children = (
				DAAE88703B1EE2986D6D7E31 /* Pods_WDProjectTemplate.framework */,
			);
			name = Frameworks;
			sourceTree = "<group>";
		};
		41B398CB1833ADDB380A743F /* Pods */ = {
			isa = PBXGroup;
			children = (
				AAF4BBD451B361D4650F6505 /* Pods-WDProjectTemplate.debug.xcconfig */,
				22564A2FFA5FB287F42CAFD3 /* Pods-WDProjectTemplate.release.xcconfig */,
			);
			name = Pods;
			sourceTree = "<group>";
		};
		A6CF4BCA1C2AE6B10016C22C = {
			isa = PBXGroup;
			children = (
				2A408DC5779C42B82702C028 /* Frameworks */,
				41B398CB1833ADDB380A743F /* Pods */,
				A6CF4BD41C2AE6B10016C22C /* Products */,
				A6CF4BD51C2AE6B10016C22C /* WDProjectTemplate */,
			);
			sourceTree = "<group>";
		};
		A6CF4BD41C2AE6B10016C22C /* Products */ = {
			isa = PBXGroup;
			children = (
				A6CF4BD31C2AE6B10016C22C /* WDProjectTemplate.app */,
			);
			name = Products;
			sourceTree = "<group>";
		};
		A6CF4BD51C2AE6B10016C22C /* WDProjectTemplate */ = {
			isa = PBXGroup;
			children = (
				A6CF4BF21C2AF0880016C22C /* 3rdParty */,
				A6CF4BF91C2AF2870016C22C /* Base Class */,
				A6CF4BEE1C2AF0390016C22C /* Constants */,
				A6CF4BF11C2AF0730016C22C /* Models */,
				A6CF4BF01C2AF0640016C22C /* Services */,
				A6CF4BD61C2AE6B10016C22C /* Supporting Files */,
				A6CF4BF31C2AF1F90016C22C /* UI */,
				A6CF4BEF1C2AF0460016C22C /* Utils */,
				A6CF4BF41C2AF20F0016C22C /* VC */,
				A6CF4BD91C2AE6B10016C22C /* AppDelegate.h */,
				A6CF4BDA1C2AE6B10016C22C /* AppDelegate.m */,
				A6CF4BDC1C2AE6B10016C22C /* ViewController.h */,
				A6CF4BDD1C2AE6B10016C22C /* ViewController.m */,
			);
			path = WDProjectTemplate;
			sourceTree = "<group>";
		};
		A6CF4BD61C2AE6B10016C22C /* Supporting Files */ = {
			isa = PBXGroup;
			children = (
				A6CF4BE21C2AE6B10016C22C /* Assets.xcassets */,
				A6CF4BE71C2AE6B10016C22C /* Info.plist */,
				A6CF4BE41C2AE6B10016C22C /* LaunchScreen.storyboard */,
				A6CF4BDF1C2AE6B10016C22C /* Main.storyboard */,
				A6CF4BED1C2AEFFA0016C22C /* WDProjectTemplate.pch */,
				A6CF4BD71C2AE6B10016C22C /* main.m */,
			);
			path = "Supporting Files";
			sourceTree = "<group>";
		};
		A6CF4BEE1C2AF0390016C22C /* Constants */ = {
			isa = PBXGroup;
			children = (
			);
			path = Constants;
			sourceTree = "<group>";
		};
		A6CF4BEF1C2AF0460016C22C /* Utils */ = {
			isa = PBXGroup;
			children = (
			);
			path = Utils;
			sourceTree = "<group>";
		};
		A6CF4BF01C2AF0640016C22C /* Services */ = {
			isa = PBXGroup;
			children = (
			);
			path = Services;
			sourceTree = "<group>";
		};
		A6CF4BF11C2AF0730016C22C /* Models */ = {
			isa = PBXGroup;
			children = (
			);
			path = Models;
			sourceTree = "<group>";
		};
		A6CF4BF21C2AF0880016C22C /* 3rdParty */ = {
			isa = PBXGroup;
			children = (
			);
			path = 3rdParty;
			sourceTree = "<group>";
		};
		A6CF4BF31C2AF1F90016C22C /* UI */ = {
			isa = PBXGroup;
			children = (
				A6CF4BF61C2AF23E0016C22C /* Cell */,
				A6CF4BF51C2AF2390016C22C /* View */,
			);
			path = UI;
			sourceTree = "<group>";
		};
		A6CF4BF41C2AF20F0016C22C /* VC */ = {
			isa = PBXGroup;
			children = (
				A6CF4BF71C2AF25C0016C22C /* ViewController */,
				A6CF4BF81C2AF2670016C22C /* ViewModel */,
			);
			path = VC;
			sourceTree = "<group>";
		};
		A6CF4BF51C2AF2390016C22C /* View */ = {
			isa = PBXGroup;
			children = (
			);
			path = View;
			sourceTree = "<group>";
		};
		A6CF4BF61C2AF23E0016C22C /* Cell */ = {
			isa = PBXGroup;
			children = (
			);
			path = Cell;
			sourceTree = "<group>";
		};
		A6CF4BF71C2AF25C0016C22C /* ViewController */ = {
			isa = PBXGroup;
			children = (
			);
			path = ViewController;
			sourceTree = "<group>";
		};
		A6CF4BF81C2AF2670016C22C /* ViewModel */ = {
			isa = PBXGroup;
			children = (
			);
			path = ViewModel;
			sourceTree = "<group>";
		};
		A6CF4BF91C2AF2870016C22C /* Base Class */ = {
			isa = PBXGroup;
			children = (
			);
			path = "Base Class";
			sourceTree = "<group>";
		};
/* End PBXGroup section */

/* Begin PBXNativeTarget section */
		A6CF4BD21C2AE6B10016C22C /* WDProjectTemplate */ = {
			isa = PBXNativeTarget;
			buildConfigurationList = A6CF4BEA1C2AE6B10016C22C /* Build configuration list for PBXNativeTarget "WDProjectTemplate" */;
			buildPhases = (
				9503A676F7EF1DD0A932F036 /* Check Pods Manifest.lock */,
				A6CF4BCF1C2AE6B10016C22C /* Sources */,
				A6CF4BD01C2AE6B10016C22C /* Frameworks */,
				A6CF4BD11C2AE6B10016C22C /* Resources */,
				684C4467751475051C186D83 /* Embed Pods Frameworks */,
				FF4F6B459CA60DC46745B5F5 /* Copy Pods Resources */,
			);
			buildRules = (
			);
			dependencies = (
			);
			name = WDProjectTemplate;
			productName = WDProjectTemplate;
			productReference = A6CF4BD31C2AE6B10016C22C /* WDProjectTemplate.app */;
			productType = "com.apple.product-type.application";
		};
/* End PBXNativeTarget section */

/* Begin PBXProject section */
		A6CF4BCB1C2AE6B10016C22C /* Project object */ = {
			isa = PBXProject;
			attributes = {
				LastUpgradeCheck = 0720;
				ORGANIZATIONNAME = DNT;
				TargetAttributes = {
					A6CF4BD21C2AE6B10016C22C = {
						CreatedOnToolsVersion = 7.2;
						DevelopmentTeam = 6M2PNXA2QA;
					};
				};
			};
			buildConfigurationList = A6CF4BCE1C2AE6B10016C22C /* Build configuration list for PBXProject "WDProjectTemplate" */;
			compatibilityVersion = "Xcode 3.2";
			developmentRegion = English;
			hasScannedForEncodings = 0;
			knownRegions = (
				en,
				Base,
			);
			mainGroup = A6CF4BCA1C2AE6B10016C22C;
			productRefGroup = A6CF4BD41C2AE6B10016C22C /* Products */;
			projectDirPath = "";
			projectRoot = "";
			targets = (
				A6CF4BD21C2AE6B10016C22C /* WDProjectTemplate */,
			);
		};
/* End PBXProject section */

/* Begin PBXResourcesBuildPhase section */
		A6CF4BD11C2AE6B10016C22C /* Resources */ = {
			isa = PBXResourcesBuildPhase;
			buildActionMask = 2147483647;
			files = (
				A6CF4BE61C2AE6B10016C22C /* LaunchScreen.storyboard in Resources */,
				A6CF4BE31C2AE6B10016C22C /* Assets.xcassets in Resources */,
				A6CF4BE11C2AE6B10016C22C /* Main.storyboard in Resources */,
			);
			runOnlyForDeploymentPostprocessing = 0;
		};
/* End PBXResourcesBuildPhase section */

/* Begin PBXShellScriptBuildPhase section */
		684C4467751475051C186D83 /* Embed Pods Frameworks */ = {
			isa = PBXShellScriptBuildPhase;
			buildActionMask = 2147483647;
			files = (
			);
			inputPaths = (
			);
			name = "Embed Pods Frameworks";
			outputPaths = (
			);
			runOnlyForDeploymentPostprocessing = 0;
			shellPath = /bin/sh;
			shellScript = "\"${SRCROOT}/Pods/Target Support Files/Pods-WDProjectTemplate/Pods-WDProjectTemplate-frameworks.sh\"\n";
			showEnvVarsInLog = 0;
		};
		9503A676F7EF1DD0A932F036 /* Check Pods Manifest.lock */ = {
			isa = PBXShellScriptBuildPhase;
			buildActionMask = 2147483647;
			files = (
			);
			inputPaths = (
			);
			name = "Check Pods Manifest.lock";
			outputPaths = (
			);
			runOnlyForDeploymentPostprocessing = 0;
			shellPath = /bin/sh;
			shellScript = "diff \"${PODS_ROOT}/../Podfile.lock\" \"${PODS_ROOT}/Manifest.lock\" > /dev/null\nif [[ $? != 0 ]] ; then\n    cat << EOM\nerror: The sandbox is not in sync with the Podfile.lock. Run 'pod install' or update your CocoaPods installation.\nEOM\n    exit 1\nfi\n";
			showEnvVarsInLog = 0;
		};
		FF4F6B459CA60DC46745B5F5 /* Copy Pods Resources */ = {
			isa = PBXShellScriptBuildPhase;
			buildActionMask = 2147483647;
			files = (
			);
			inputPaths = (
			);
			name = "Copy Pods Resources";
			outputPaths = (
			);
			runOnlyForDeploymentPostprocessing = 0;
			shellPath = /bin/sh;
			shellScript = "\"${SRCROOT}/Pods/Target Support Files/Pods-WDProjectTemplate/Pods-WDProjectTemplate-resources.sh\"\n";
			showEnvVarsInLog = 0;
		};
/* End PBXShellScriptBuildPhase section */

/* Begin PBXSourcesBuildPhase section */
		A6CF4BCF1C2AE6B10016C22C /* Sources */ = {
			isa = PBXSourcesBuildPhase;
			buildActionMask = 2147483647;
			files = (
				A6CF4BDE1C2AE6B10016C22C /* ViewController.m in Sources */,
				A6CF4BDB1C2AE6B10016C22C /* AppDelegate.m in Sources */,
				A6CF4BD81C2AE6B10016C22C /* main.m in Sources */,
			);
			runOnlyForDeploymentPostprocessing = 0;
		};
/* End PBXSourcesBuildPhase section */

/* Begin PBXVariantGroup section */
		A6CF4BDF1C2AE6B10016C22C /* Main.storyboard */ = {
			isa = PBXVariantGroup;
			children = (
				A6CF4BE01C2AE6B10016C22C /* Base */,
			);
			name = Main.storyboard;
			path = .;
			sourceTree = "<group>";
		};
		A6CF4BE41C2AE6B10016C22C /* LaunchScreen.storyboard */ = {
			isa = PBXVariantGroup;
			children = (
				A6CF4BE51C2AE6B10016C22C /* Base */,
			);
			name = LaunchScreen.storyboard;
			path = .;
			sourceTree = "<group>";
		};
/* End PBXVariantGroup section */

/* Begin XCBuildConfiguration section */
		A6CF4BE81C2AE6B10016C22C /* Debug */ = {
			isa = XCBuildConfiguration;
			buildSettings = {
				ALWAYS_SEARCH_USER_PATHS = NO;
				CLANG_CXX_LANGUAGE_STANDARD = "gnu++0x";
				CLANG_CXX_LIBRARY = "libc++";
				CLANG_ENABLE_MODULES = YES;
				CLANG_ENABLE_OBJC_ARC = YES;
				CLANG_WARN_BOOL_CONVERSION = YES;
				CLANG_WARN_CONSTANT_CONVERSION = YES;
				CLANG_WARN_DIRECT_OBJC_ISA_USAGE = YES_ERROR;
				CLANG_WARN_EMPTY_BODY = YES;
				CLANG_WARN_ENUM_CONVERSION = YES;
				CLANG_WARN_INT_CONVERSION = YES;
				CLANG_WARN_OBJC_ROOT_CLASS = YES_ERROR;
				CLANG_WARN_UNREACHABLE_CODE = YES;
				CLANG_WARN__DUPLICATE_METHOD_MATCH = YES;
				"CODE_SIGN_IDENTITY[sdk=iphoneos*]" = "iPhone Developer";
				COPY_PHASE_STRIP = NO;
				DEBUG_INFORMATION_FORMAT = dwarf;
				ENABLE_STRICT_OBJC_MSGSEND = YES;
				ENABLE_TESTABILITY = YES;
				GCC_C_LANGUAGE_STANDARD = gnu99;
				GCC_DYNAMIC_NO_PIC = NO;
				GCC_NO_COMMON_BLOCKS = YES;
				GCC_OPTIMIZATION_LEVEL = 0;
				GCC_PREPROCESSOR_DEFINITIONS = (
					"DEBUG=1",
					"$(inherited)",
				);
				GCC_WARN_64_TO_32_BIT_CONVERSION = YES;
				GCC_WARN_ABOUT_RETURN_TYPE = YES_ERROR;
				GCC_WARN_UNDECLARED_SELECTOR = YES;
				GCC_WARN_UNINITIALIZED_AUTOS = YES_AGGRESSIVE;
				GCC_WARN_UNUSED_FUNCTION = YES;
				GCC_WARN_UNUSED_VARIABLE = YES;
				IPHONEOS_DEPLOYMENT_TARGET = 9.2;
				MTL_ENABLE_DEBUG_INFO = YES;
				ONLY_ACTIVE_ARCH = YES;
				SDKROOT = iphoneos;
			};
			name = Debug;
		};
		A6CF4BE91C2AE6B10016C22C /* Release */ = {
			isa = XCBuildConfiguration;
			buildSettings = {
				ALWAYS_SEARCH_USER_PATHS = NO;
				CLANG_CXX_LANGUAGE_STANDARD = "gnu++0x";
				CLANG_CXX_LIBRARY = "libc++";
				CLANG_ENABLE_MODULES = YES;
				CLANG_ENABLE_OBJC_ARC = YES;
				CLANG_WARN_BOOL_CONVERSION = YES;
				CLANG_WARN_CONSTANT_CONVERSION = YES;
				CLANG_WARN_DIRECT_OBJC_ISA_USAGE = YES_ERROR;
				CLANG_WARN_EMPTY_BODY = YES;
				CLANG_WARN_ENUM_CONVERSION = YES;
				CLANG_WARN_INT_CONVERSION = YES;
				CLANG_WARN_OBJC_ROOT_CLASS = YES_ERROR;
				CLANG_WARN_UNREACHABLE_CODE = YES;
				CLANG_WARN__DUPLICATE_METHOD_MATCH = YES;
				"CODE_SIGN_IDENTITY[sdk=iphoneos*]" = "iPhone Developer";
				COPY_PHASE_STRIP = NO;
				DEBUG_INFORMATION_FORMAT = "dwarf-with-dsym";
				ENABLE_NS_ASSERTIONS = NO;
				ENABLE_STRICT_OBJC_MSGSEND = YES;
				GCC_C_LANGUAGE_STANDARD = gnu99;
				GCC_NO_COMMON_BLOCKS = YES;
				GCC_WARN_64_TO_32_BIT_CONVERSION = YES;
				GCC_WARN_ABOUT_RETURN_TYPE = YES_ERROR;
				GCC_WARN_UNDECLARED_SELECTOR = YES;
				GCC_WARN_UNINITIALIZED_AUTOS = YES_AGGRESSIVE;
				GCC_WARN_UNUSED_FUNCTION = YES;
				GCC_WARN_UNUSED_VARIABLE = YES;
				IPHONEOS_DEPLOYMENT_TARGET = 9.2;
				MTL_ENABLE_DEBUG_INFO = NO;
				SDKROOT = iphoneos;
				VALIDATE_PRODUCT = YES;
			};
			name = Release;
		};
		A6CF4BEB1C2AE6B10016C22C /* Debug */ = {
			isa = XCBuildConfiguration;
			baseConfigurationReference = AAF4BBD451B361D4650F6505 /* Pods-WDProjectTemplate.debug.xcconfig */;
			buildSettings = {
				ASSETCATALOG_COMPILER_APPICON_NAME = AppIcon;
				CODE_SIGN_IDENTITY = "iPhone Developer";
				INFOPLIST_FILE = "WDProjectTemplate/Supporting Files/Info.plist";
				LD_RUNPATH_SEARCH_PATHS = "$(inherited) @executable_path/Frameworks";
				PRODUCT_BUNDLE_IDENTIFIER = com.davidandty.WDProjectTemplate;
				PRODUCT_NAME = "$(TARGET_NAME)";
			};
			name = Debug;
		};
		A6CF4BEC1C2AE6B10016C22C /* Release */ = {
			isa = XCBuildConfiguration;
			baseConfigurationReference = 22564A2FFA5FB287F42CAFD3 /* Pods-WDProjectTemplate.release.xcconfig */;
			buildSettings = {
				ASSETCATALOG_COMPILER_APPICON_NAME = AppIcon;
				CODE_SIGN_IDENTITY = "iPhone Developer";
				INFOPLIST_FILE = "WDProjectTemplate/Supporting Files/Info.plist";
				LD_RUNPATH_SEARCH_PATHS = "$(inherited) @executable_path/Frameworks";
				PRODUCT_BUNDLE_IDENTIFIER = com.davidandty.WDProjectTemplate;
				PRODUCT_NAME = "$(TARGET_NAME)";
			};
			name = Release;
		};
/* End XCBuildConfiguration section */

/* Begin XCConfigurationList section */
		A6CF4BCE1C2AE6B10016C22C /* Build configuration list for PBXProject "WDProjectTemplate" */ = {
			isa = XCConfigurationList;
			buildConfigurations = (
				A6CF4BE81C2AE6B10016C22C /* Debug */,
				A6CF4BE91C2AE6B10016C22C /* Release */,
			);
			defaultConfigurationIsVisible = 0;
			defaultConfigurationName = Release;
		};
		A6CF4BEA1C2AE6B10016C22C /* Build configuration list for PBXNativeTarget "WDProjectTemplate" */ = {
			isa = XCConfigurationList;
			buildConfigurations = (
				A6CF4BEB1C2AE6B10016C22C /* Debug */,
				A6CF4BEC1C2AE6B10016C22C /* Release */,
			);
			defaultConfigurationIsVisible = 0;
			defaultConfigurationName = Release;
		};
/* End XCConfigurationList section */
	};
	rootObject = A6CF4BCB1C2AE6B10016C22C /* Project object */;
}
